
Microsoft Visual Studio Solution File, Format Version 12.00
# Visual Studio Version 17
VisualStudioVersion = 17.0.31903.59
MinimumVisualStudioVersion = 10.0.40219.1
Project("{2150E333-8FDC-42A3-9474-1A3956D46DE8}") = "Api_Minimal", "Api_Minimal", "{7C072A13-A8FF-480F-BA0C-8A846C647FC8}"
EndProject
Project("{FAE04EC0-301F-11D3-BF4B-00C04F79EFBC}") = "MinimalAPIs", "Api_Minimal\ApiMinimal\MinimalAPIs.csproj", "{5770CFCF-AC32-43A4-8B92-AAAE0D9D313E}"
EndProject
Global
	GlobalSection(SolutionConfigurationPlatforms) = preSolution
		Debug|Any CPU = Debug|Any CPU
		Release|Any CPU = Release|Any CPU
	EndGlobalSection
	GlobalSection(SolutionProperties) = preSolution
		HideSolutionNode = FALSE
	EndGlobalSection
	GlobalSection(ProjectConfigurationPlatforms) = postSolution
		{5770CFCF-AC32-43A4-8B92-AAAE0D9D313E}.Debug|Any CPU.ActiveCfg = Debug|Any CPU
		{5770CFCF-AC32-43A4-8B92-AAAE0D9D313E}.Debug|Any CPU.Build.0 = Debug|Any CPU
		{5770CFCF-AC32-43A4-8B92-AAAE0D9D313E}.Release|Any CPU.ActiveCfg = Release|Any CPU
		{5770CFCF-AC32-43A4-8B92-AAAE0D9D313E}.Release|Any CPU.Build.0 = Release|Any CPU
	EndGlobalSection
	GlobalSection(NestedProjects) = preSolution
		{5770CFCF-AC32-43A4-8B92-AAAE0D9D313E} = {7C072A13-A8FF-480F-BA0C-8A846C647FC8}
	EndGlobalSection
EndGlobal
